// !$*UTF8*$!
{
	archiveVersion = 1;
	classes = {
	};
	objectVersion = 55;
	objects = {

/* Begin PBXBuildFile section */
		BDD1A5A8287C9DCF008B69E0 /* AppDelegate.swift in Sources */ = {isa = PBXBuildFile; fileRef = BDD1A5A7287C9DCF008B69E0 /* AppDelegate.swift */; };
		BDD1A5AA287C9DCF008B69E0 /* SceneDelegate.swift in Sources */ = {isa = PBXBuildFile; fileRef = BDD1A5A9287C9DCF008B69E0 /* SceneDelegate.swift */; };
		BDD1A5AC287C9DCF008B69E0 /* ViewController.swift in Sources */ = {isa = PBXBuildFile; fileRef = BDD1A5AB287C9DCF008B69E0 /* ViewController.swift */; };
		BDD1A5AF287C9DCF008B69E0 /* Main.storyboard in Resources */ = {isa = PBXBuildFile; fileRef = BDD1A5AD287C9DCF008B69E0 /* Main.storyboard */; };
		BDD1A5B1287C9DD1008B69E0 /* Assets.xcassets in Resources */ = {isa = PBXBuildFile; fileRef = BDD1A5B0287C9DD1008B69E0 /* Assets.xcassets */; };
		BDD1A5B4287C9DD1008B69E0 /* LaunchScreen.storyboard in Resources */ = {isa = PBXBuildFile; fileRef = BDD1A5B2287C9DD1008B69E0 /* LaunchScreen.storyboard */; };
		C955DFEEB74008087A6E3B71 /* Pods_KeychanExemple.framework in Frameworks */ = {isa = PBXBuildFile; fileRef = 04FCD86C1FDB93C81059C86B /* Pods_KeychanExemple.framework */; };
/* End PBXBuildFile section */

/* Begin PBXFileReference section */
		04FCD86C1FDB93C81059C86B /* Pods_KeychanExemple.framework */ = {isa = PBXFileReference; explicitFileType = wrapper.framework; includeInIndex = 0; path = Pods_KeychanExemple.framework; sourceTree = BUILT_PRODUCTS_DIR; };
		BDD1A5A4287C9DCF008B69E0 /* KeychanExemple.app */ = {isa = PBXFileReference; explicitFileType = wrapper.application; includeInIndex = 0; path = KeychanExemple.app; sourceTree = BUILT_PRODUCTS_DIR; };
		BDD1A5A7287C9DCF008B69E0 /* AppDelegate.swift */ = {isa = PBXFileReference; lastKnownFileType = sourcecode.swift; path = AppDelegate.swift; sourceTree = "<group>"; };
		BDD1A5A9287C9DCF008B69E0 /* SceneDelegate.swift */ = {isa = PBXFileReference; lastKnownFileType = sourcecode.swift; path = SceneDelegate.swift; sourceTree = "<group>"; };
		BDD1A5AB287C9DCF008B69E0 /* ViewController.swift */ = {isa = PBXFileReference; lastKnownFileType = sourcecode.swift; path = ViewController.swift; sourceTree = "<group>"; };
		BDD1A5AE287C9DCF008B69E0 /* Base */ = {isa = PBXFileReference; lastKnownFileType = file.storyboard; name = Base; path = Base.lproj/Main.storyboard; sourceTree = "<group>"; };
		BDD1A5B0287C9DD1008B69E0 /* Assets.xcassets */ = {isa = PBXFileReference; lastKnownFileType = folder.assetcatalog; path = Assets.xcassets; sourceTree = "<group>"; };
		BDD1A5B3287C9DD1008B69E0 /* Base */ = {isa = PBXFileReference; lastKnownFileType = file.storyboard; name = Base; path = Base.lproj/LaunchScreen.storyboard; sourceTree = "<group>"; };
		BDD1A5B5287C9DD1008B69E0 /* Info.plist */ = {isa = PBXFileReference; lastKnownFileType = text.plist.xml; path = Info.plist; sourceTree = "<group>"; };
		EAC9EFAD7D1DE6C8DCF52C3B /* Pods-KeychanExemple.debug.xcconfig */ = {isa = PBXFileReference; includeInIndex = 1; lastKnownFileType = text.xcconfig; name = "Pods-KeychanExemple.debug.xcconfig"; path = "Target Support Files/Pods-KeychanExemple/Pods-KeychanExemple.debug.xcconfig"; sourceTree = "<group>"; };
		FC4F9A0AD912857E6671A4DC /* Pods-KeychanExemple.release.xcconfig */ = {isa = PBXFileReference; includeInIndex = 1; lastKnownFileType = text.xcconfig; name = "Pods-KeychanExemple.release.xcconfig"; path = "Target Support Files/Pods-KeychanExemple/Pods-KeychanExemple.release.xcconfig"; sourceTree = "<group>"; };
/* End PBXFileReference section */

/* Begin PBXFrameworksBuildPhase section */
		BDD1A5A1287C9DCF008B69E0 /* Frameworks */ = {
			isa = PBXFrameworksBuildPhase;
			buildActionMask = 2147483647;
			files = (
				C955DFEEB74008087A6E3B71 /* Pods_KeychanExemple.framework in Frameworks */,
			);
			runOnlyForDeploymentPostprocessing = 0;
		};
/* End PBXFrameworksBuildPhase section */

/* Begin PBXGroup section */
		BDD1A59B287C9DCF008B69E0 = {
			isa = PBXGroup;
			children = (
				BDD1A5A6287C9DCF008B69E0 /* KeychanExemple */,
				BDD1A5A5287C9DCF008B69E0 /* Products */,
				E0AEFAE66AB2FC215F1BF439 /* Pods */,
				F15574618402822DDAA0FD9B /* Frameworks */,
			);
			sourceTree = "<group>";
		};
		BDD1A5A5287C9DCF008B69E0 /* Products */ = {
			isa = PBXGroup;
			children = (
				BDD1A5A4287C9DCF008B69E0 /* KeychanExemple.app */,
			);
			name = Products;
			sourceTree = "<group>";
		};
		BDD1A5A6287C9DCF008B69E0 /* KeychanExemple */ = {
			isa = PBXGroup;
			children = (
				BDD1A5A7287C9DCF008B69E0 /* AppDelegate.swift */,
				BDD1A5A9287C9DCF008B69E0 /* SceneDelegate.swift */,
				BDD1A5AB287C9DCF008B69E0 /* ViewController.swift */,
				BDD1A5AD287C9DCF008B69E0 /* Main.storyboard */,
				BDD1A5B0287C9DD1008B69E0 /* Assets.xcassets */,
				BDD1A5B2287C9DD1008B69E0 /* LaunchScreen.storyboard */,
				BDD1A5B5287C9DD1008B69E0 /* Info.plist */,
			);
			path = KeychanExemple;
			sourceTree = "<group>";
		};
		E0AEFAE66AB2FC215F1BF439 /* Pods */ = {
			isa = PBXGroup;
			children = (
				EAC9EFAD7D1DE6C8DCF52C3B /* Pods-KeychanExemple.debug.xcconfig */,
				FC4F9A0AD912857E6671A4DC /* Pods-KeychanExemple.release.xcconfig */,
			);
			name = Pods;
			path = Pods;
			sourceTree = "<group>";
		};
		F15574618402822DDAA0FD9B /* Frameworks */ = {
			isa = PBXGroup;
			children = (
				04FCD86C1FDB93C81059C86B /* Pods_KeychanExemple.framework */,
			);
			name = Frameworks;
			sourceTree = "<group>";
		};
/* End PBXGroup section */

/* Begin PBXNativeTarget section */
		BDD1A5A3287C9DCF008B69E0 /* KeychanExemple */ = {
			isa = PBXNativeTarget;
			buildConfigurationList = BDD1A5B8287C9DD1008B69E0 /* Build configuration list for PBXNativeTarget "KeychanExemple" */;
			buildPhases = (
				0A75190453F3A929A4F9E19E /* [CP] Check Pods Manifest.lock */,
				BDD1A5A0287C9DCF008B69E0 /* Sources */,
				BDD1A5A1287C9DCF008B69E0 /* Frameworks */,
				BDD1A5A2287C9DCF008B69E0 /* Resources */,
				6E92A7495057CD3BEA3C3C38 /* [CP] Embed Pods Frameworks */,
			);
			buildRules = (
			);
			dependencies = (
			);
			name = KeychanExemple;
			productName = KeychanExemple;
			productReference = BDD1A5A4287C9DCF008B69E0 /* KeychanExemple.app */;
			productType = "com.apple.product-type.application";
		};
/* End PBXNativeTarget section */

/* Begin PBXProject section */
		BDD1A59C287C9DCF008B69E0 /* Project object */ = {
			isa = PBXProject;
			attributes = {
				BuildIndependentTargetsInParallel = 1;
				LastSwiftUpdateCheck = 1320;
				LastUpgradeCheck = 1320;
				TargetAttributes = {
					BDD1A5A3287C9DCF008B69E0 = {
						CreatedOnToolsVersion = 13.2.1;
					};
				};
			};
			buildConfigurationList = BDD1A59F287C9DCF008B69E0 /* Build configuration list for PBXProject "KeychanExemple" */;
			compatibilityVersion = "Xcode 13.0";
			developmentRegion = en;
			hasScannedForEncodings = 0;
			knownRegions = (
				en,
				Base,
			);
			mainGroup = BDD1A59B287C9DCF008B69E0;
			productRefGroup = BDD1A5A5287C9DCF008B69E0 /* Products */;
			projectDirPath = "";
			projectRoot = "";
			targets = (
				BDD1A5A3287C9DCF008B69E0 /* KeychanExemple */,
			);
		};
/* End PBXProject section */

/* Begin PBXResourcesBuildPhase section */
		BDD1A5A2287C9DCF008B69E0 /* Resources */ = {
			isa = PBXResourcesBuildPhase;
			buildActionMask = 2147483647;
			files = (
				BDD1A5B4287C9DD1008B69E0 /* LaunchScreen.storyboard in Resources */,
				BDD1A5B1287C9DD1008B69E0 /* Assets.xcassets in Resources */,
				BDD1A5AF287C9DCF008B69E0 /* Main.storyboard in Resources */,
			);
			runOnlyForDeploymentPostprocessing = 0;
		};
/* End PBXResourcesBuildPhase section */

/* Begin PBXShellScriptBuildPhase section */
		0A75190453F3A929A4F9E19E /* [CP] Check Pods Manifest.lock */ = {
			isa = PBXShellScriptBuildPhase;
			buildActionMask = 2147483647;
			files = (
			);
			inputFileListPaths = (
			);
			inputPaths = (
				"${PODS_PODFILE_DIR_PATH}/Podfile.lock",
				"${PODS_ROOT}/Manifest.lock",
			);
			name = "[CP] Check Pods Manifest.lock";
			outputFileListPaths = (
			);
			outputPaths = (
				"$(DERIVED_FILE_DIR)/Pods-KeychanExemple-checkManifestLockResult.txt",
			);
			runOnlyForDeploymentPostprocessing = 0;
			shellPath = /bin/sh;
			shellScript = "diff \"${PODS_PODFILE_DIR_PATH}/Podfile.lock\" \"${PODS_ROOT}/Manifest.lock\" > /dev/null\nif [ $? != 0 ] ; then\n    # print error to STDERR\n    echo \"error: The sandbox is not in sync with the Podfile.lock. Run 'pod install' or update your CocoaPods installation.\" >&2\n    exit 1\nfi\n# This output is used by Xcode 'outputs' to avoid re-running this script phase.\necho \"SUCCESS\" > \"${SCRIPT_OUTPUT_FILE_0}\"\n";
			showEnvVarsInLog = 0;
		};
		6E92A7495057CD3BEA3C3C38 /* [CP] Embed Pods Frameworks */ = {
			isa = PBXShellScriptBuildPhase;
			buildActionMask = 2147483647;
			files = (
			);
			inputFileListPaths = (
				"${PODS_ROOT}/Target Support Files/Pods-KeychanExemple/Pods-KeychanExemple-frameworks-${CONFIGURATION}-input-files.xcfilelist",
			);
			name = "[CP] Embed Pods Frameworks";
			outputFileListPaths = (
				"${PODS_ROOT}/Target Support Files/Pods-KeychanExemple/Pods-KeychanExemple-frameworks-${CONFIGURATION}-output-files.xcfilelist",
			);
			runOnlyForDeploymentPostprocessing = 0;
			shellPath = /bin/sh;
			shellScript = "\"${PODS_ROOT}/Target Support Files/Pods-KeychanExemple/Pods-KeychanExemple-frameworks.sh\"\n";
			showEnvVarsInLog = 0;
		};
/* End PBXShellScriptBuildPhase section */

/* Begin PBXSourcesBuildPhase section */
		BDD1A5A0287C9DCF008B69E0 /* Sources */ = {
			isa = PBXSourcesBuildPhase;
			buildActionMask = 2147483647;
			files = (
				BDD1A5AC287C9DCF008B69E0 /* ViewController.swift in Sources */,
				BDD1A5A8287C9DCF008B69E0 /* AppDelegate.swift in Sources */,
				BDD1A5AA287C9DCF008B69E0 /* SceneDelegate.swift in Sources */,
			);
			runOnlyForDeploymentPostprocessing = 0;
		};
/* End PBXSourcesBuildPhase section */

/* Begin PBXVariantGroup section */
		BDD1A5AD287C9DCF008B69E0 /* Main.storyboard */ = {
			isa = PBXVariantGroup;
			children = (
				BDD1A5AE287C9DCF008B69E0 /* Base */,
			);
			name = Main.storyboard;
			sourceTree = "<group>";
		};
		BDD1A5B2287C9DD1008B69E0 /* LaunchScreen.storyboard */ = {
			isa = PBXVariantGroup;
			children = (
				BDD1A5B3287C9DD1008B69E0 /* Base */,
			);
			name = LaunchScreen.storyboard;
			sourceTree = "<group>";
		};
/* End PBXVariantGroup section */

/* Begin XCBuildConfiguration section */
		BDD1A5B6287C9DD1008B69E0 /* Debug */ = {
			isa = XCBuildConfiguration;
			buildSettings = {
				ALWAYS_SEARCH_USER_PATHS = NO;
				CLANG_ANALYZER_NONNULL = YES;
				CLANG_ANALYZER_NUMBER_OBJECT_CONVERSION = YES_AGGRESSIVE;
				CLANG_CXX_LANGUAGE_STANDARD = "gnu++17";
				CLANG_CXX_LIBRARY = "libc++";
				CLANG_ENABLE_MODULES = YES;
				CLANG_ENABLE_OBJC_ARC = YES;
				CLANG_ENABLE_OBJC_WEAK = YES;
				CLANG_WARN_BLOCK_CAPTURE_AUTORELEASING = YES;
				CLANG_WARN_BOOL_CONVERSION = YES;
				CLANG_WARN_COMMA = YES;
				CLANG_WARN_CONSTANT_CONVERSION = YES;
				CLANG_WARN_DEPRECATED_OBJC_IMPLEMENTATIONS = YES;
				CLANG_WARN_DIRECT_OBJC_ISA_USAGE = YES_ERROR;
				CLANG_WARN_DOCUMENTATION_COMMENTS = YES;
				CLANG_WARN_EMPTY_BODY = YES;
				CLANG_WARN_ENUM_CONVERSION = YES;
				CLANG_WARN_INFINITE_RECURSION = YES;
				CLANG_WARN_INT_CONVERSION = YES;
				CLANG_WARN_NON_LITERAL_NULL_CONVERSION = YES;
				CLANG_WARN_OBJC_IMPLICIT_RETAIN_SELF = YES;
				CLANG_WARN_OBJC_LITERAL_CONVERSION = YES;
				CLANG_WARN_OBJC_ROOT_CLASS = YES_ERROR;
				CLANG_WARN_QUOTED_INCLUDE_IN_FRAMEWORK_HEADER = YES;
				CLANG_WARN_RANGE_LOOP_ANALYSIS = YES;
				CLANG_WARN_STRICT_PROTOTYPES = YES;
				CLANG_WARN_SUSPICIOUS_MOVE = YES;
				CLANG_WARN_UNGUARDED_AVAILABILITY = YES_AGGRESSIVE;
				CLANG_WARN_UNREACHABLE_CODE = YES;
				CLANG_WARN__DUPLICATE_METHOD_MATCH = YES;
				COPY_PHASE_STRIP = NO;
				DEBUG_INFORMATION_FORMAT = dwarf;
				ENABLE_STRICT_OBJC_MSGSEND = YES;
				ENABLE_TESTABILITY = YES;
				GCC_C_LANGUAGE_STANDARD = gnu11;
				GCC_DYNAMIC_NO_PIC = NO;
				GCC_NO_COMMON_BLOCKS = YES;
				GCC_OPTIMIZATION_LEVEL = 0;
				GCC_PREPROCESSOR_DEFINITIONS = (
					"DEBUG=1",
					"$(inherited)",
				);
				GCC_WARN_64_TO_32_BIT_CONVERSION = YES;
				GCC_WARN_ABOUT_RETURN_TYPE = YES_ERROR;
				GCC_WARN_UNDECLARED_SELECTOR = YES;
				GCC_WARN_UNINITIALIZED_AUTOS = YES_AGGRESSIVE;
				GCC_WARN_UNUSED_FUNCTION = YES;
				GCC_WARN_UNUSED_VARIABLE = YES;
				IPHONEOS_DEPLOYMENT_TARGET = 15.2;
				MTL_ENABLE_DEBUG_INFO = INCLUDE_SOURCE;
				MTL_FAST_MATH = YES;
				ONLY_ACTIVE_ARCH = YES;
				SDKROOT = iphoneos;
				SWIFT_ACTIVE_COMPILATION_CONDITIONS = DEBUG;
				SWIFT_OPTIMIZATION_LEVEL = "-Onone";
			};
			name = Debug;
		};
		BDD1A5B7287C9DD1008B69E0 /* Release */ = {
			isa = XCBuildConfiguration;
			buildSettings = {
				ALWAYS_SEARCH_USER_PATHS = NO;
				CLANG_ANALYZER_NONNULL = YES;
				CLANG_ANALYZER_NUMBER_OBJECT_CONVERSION = YES_AGGRESSIVE;
				CLANG_CXX_LANGUAGE_STANDARD = "gnu++17";
				CLANG_CXX_LIBRARY = "libc++";
				CLANG_ENABLE_MODULES = YES;
				CLANG_ENABLE_OBJC_ARC = YES;
				CLANG_ENABLE_OBJC_WEAK = YES;
				CLANG_WARN_BLOCK_CAPTURE_AUTORELEASING = YES;
				CLANG_WARN_BOOL_CONVERSION = YES;
				CLANG_WARN_COMMA = YES;
				CLANG_WARN_CONSTANT_CONVERSION = YES;
				CLANG_WARN_DEPRECATED_OBJC_IMPLEMENTATIONS = YES;
				CLANG_WARN_DIRECT_OBJC_ISA_USAGE = YES_ERROR;
				CLANG_WARN_DOCUMENTATION_COMMENTS = YES;
				CLANG_WARN_EMPTY_BODY = YES;
				CLANG_WARN_ENUM_CONVERSION = YES;
				CLANG_WARN_INFINITE_RECURSION = YES;
				CLANG_WARN_INT_CONVERSION = YES;
				CLANG_WARN_NON_LITERAL_NULL_CONVERSION = YES;
				CLANG_WARN_OBJC_IMPLICIT_RETAIN_SELF = YES;
				CLANG_WARN_OBJC_LITERAL_CONVERSION = YES;
				CLANG_WARN_OBJC_ROOT_CLASS = YES_ERROR;
				CLANG_WARN_QUOTED_INCLUDE_IN_FRAMEWORK_HEADER = YES;
				CLANG_WARN_RANGE_LOOP_ANALYSIS = YES;
				CLANG_WARN_STRICT_PROTOTYPES = YES;
				CLANG_WARN_SUSPICIOUS_MOVE = YES;
				CLANG_WARN_UNGUARDED_AVAILABILITY = YES_AGGRESSIVE;
				CLANG_WARN_UNREACHABLE_CODE = YES;
				CLANG_WARN__DUPLICATE_METHOD_MATCH = YES;
				COPY_PHASE_STRIP = NO;
				DEBUG_INFORMATION_FORMAT = "dwarf-with-dsym";
				ENABLE_NS_ASSERTIONS = NO;
				ENABLE_STRICT_OBJC_MSGSEND = YES;
				GCC_C_LANGUAGE_STANDARD = gnu11;
				GCC_NO_COMMON_BLOCKS = YES;
				GCC_WARN_64_TO_32_BIT_CONVERSION = YES;
				GCC_WARN_ABOUT_RETURN_TYPE = YES_ERROR;
				GCC_WARN_UNDECLARED_SELECTOR = YES;
				GCC_WARN_UNINITIALIZED_AUTOS = YES_AGGRESSIVE;
				GCC_WARN_UNUSED_FUNCTION = YES;
				GCC_WARN_UNUSED_VARIABLE = YES;
				IPHONEOS_DEPLOYMENT_TARGET = 15.2;
				MTL_ENABLE_DEBUG_INFO = NO;
				MTL_FAST_MATH = YES;
				SDKROOT = iphoneos;
				SWIFT_COMPILATION_MODE = wholemodule;
				SWIFT_OPTIMIZATION_LEVEL = "-O";
				VALIDATE_PRODUCT = YES;
			};
			name = Release;
		};
		BDD1A5B9287C9DD1008B69E0 /* Debug */ = {
			isa = XCBuildConfiguration;
			baseConfigurationReference = EAC9EFAD7D1DE6C8DCF52C3B /* Pods-KeychanExemple.debug.xcconfig */;
			buildSettings = {
				ASSETCATALOG_COMPILER_APPICON_NAME = AppIcon;
				ASSETCATALOG_COMPILER_GLOBAL_ACCENT_COLOR_NAME = AccentColor;
				CODE_SIGN_STYLE = Automatic;
				CURRENT_PROJECT_VERSION = 1;
				DEVELOPMENT_TEAM = P745L5C6BY;
				GENERATE_INFOPLIST_FILE = YES;
				INFOPLIST_FILE = KeychanExemple/Info.plist;
				INFOPLIST_KEY_UIApplicationSupportsIndirectInputEvents = YES;
				INFOPLIST_KEY_UILaunchStoryboardName = LaunchScreen;
				INFOPLIST_KEY_UIMainStoryboardFile = Main;
				INFOPLIST_KEY_UISupportedInterfaceOrientations_iPad = "UIInterfaceOrientationPortrait UIInterfaceOrientationPortraitUpsideDown UIInterfaceOrientationLandscapeLeft UIInterfaceOrientationLandscapeRight";
				INFOPLIST_KEY_UISupportedInterfaceOrientations_iPhone = "UIInterfaceOrientationPortrait UIInterfaceOrientationLandscapeLeft UIInterfaceOrientationLandscapeRight";
				LD_RUNPATH_SEARCH_PATHS = (
					"$(inherited)",
					"@executable_path/Frameworks",
				);
				MARKETING_VERSION = 1.0;
				PRODUCT_BUNDLE_IDENTIFIER = Kvashnin.KeychanExemple;
				PRODUCT_NAME = "$(TARGET_NAME)";
				SWIFT_EMIT_LOC_STRINGS = YES;
				SWIFT_VERSION = 5.0;
				TARGETED_DEVICE_FAMILY = 1;
			};
			name = Debug;
		};
		BDD1A5BA287C9DD1008B69E0 /* Release */ = {
			isa = XCBuildConfiguration;
			baseConfigurationReference = FC4F9A0AD912857E6671A4DC /* Pods-KeychanExemple.release.xcconfig */;
			buildSettings = {
				ASSETCATALOG_COMPILER_APPICON_NAME = AppIcon;
				ASSETCATALOG_COMPILER_GLOBAL_ACCENT_COLOR_NAME = AccentColor;
				CODE_SIGN_STYLE = Automatic;
				CURRENT_PROJECT_VERSION = 1;
				DEVELOPMENT_TEAM = P745L5C6BY;
				GENERATE_INFOPLIST_FILE = YES;
				INFOPLIST_FILE = KeychanExemple/Info.plist;
				INFOPLIST_KEY_UIApplicationSupportsIndirectInputEvents = YES;
				INFOPLIST_KEY_UILaunchStoryboardName = LaunchScreen;
				INFOPLIST_KEY_UIMainStoryboardFile = Main;
				INFOPLIST_KEY_UISupportedInterfaceOrientations_iPad = "UIInterfaceOrientationPortrait UIInterfaceOrientationPortraitUpsideDown UIInterfaceOrientationLandscapeLeft UIInterfaceOrientationLandscapeRight";
				INFOPLIST_KEY_UISupportedInterfaceOrientations_iPhone = "UIInterfaceOrientationPortrait UIInterfaceOrientationLandscapeLeft UIInterfaceOrientationLandscapeRight";
				LD_RUNPATH_SEARCH_PATHS = (
					"$(inherited)",
					"@executable_path/Frameworks",
				);
				MARKETING_VERSION = 1.0;
				PRODUCT_BUNDLE_IDENTIFIER = Kvashnin.KeychanExemple;
				PRODUCT_NAME = "$(TARGET_NAME)";
				SWIFT_EMIT_LOC_STRINGS = YES;
				SWIFT_VERSION = 5.0;
				TARGETED_DEVICE_FAMILY = 1;
			};
			name = Release;
		};
/* End XCBuildConfiguration section */

/* Begin XCConfigurationList section */
		BDD1A59F287C9DCF008B69E0 /* Build configuration list for PBXProject "KeychanExemple" */ = {
			isa = XCConfigurationList;
			buildConfigurations = (
				BDD1A5B6287C9DD1008B69E0 /* Debug */,
				BDD1A5B7287C9DD1008B69E0 /* Release */,
			);
			defaultConfigurationIsVisible = 0;
			defaultConfigurationName = Release;
		};
		BDD1A5B8287C9DD1008B69E0 /* Build configuration list for PBXNativeTarget "KeychanExemple" */ = {
			isa = XCConfigurationList;
			buildConfigurations = (
				BDD1A5B9287C9DD1008B69E0 /* Debug */,
				BDD1A5BA287C9DD1008B69E0 /* Release */,
			);
			defaultConfigurationIsVisible = 0;
			defaultConfigurationName = Release;
		};
/* End XCConfigurationList section */
	};
	rootObject = BDD1A59C287C9DCF008B69E0 /* Project object */;
}
